
Microsoft Visual Studio Solution File, Format Version 12.00
# Visual Studio Version 17
VisualStudioVersion = 17.4.33110.190
MinimumVisualStudioVersion = 10.0.40219.1
Project("{FAE04EC0-301F-11D3-BF4B-00C04F79EFBC}") = "CryptoProcessor", "CryptoProcessor\CryptoProcessor.csproj", "{1E2AF4F2-87E2-4071-9404-1B3A0D9FEA5A}"
EndProject
Global
	GlobalSection(SolutionConfigurationPlatforms) = preSolution
		Debug|Any CPU = Debug|Any CPU
		Release|Any CPU = Release|Any CPU
	EndGlobalSection
	GlobalSection(ProjectConfigurationPlatforms) = postSolution
		{1E2AF4F2-87E2-4071-9404-1B3A0D9FEA5A}.Debug|Any CPU.ActiveCfg = Debug|Any CPU
		{1E2AF4F2-87E2-4071-9404-1B3A0D9FEA5A}.Debug|Any CPU.Build.0 = Debug|Any CPU
		{1E2AF4F2-87E2-4071-9404-1B3A0D9FEA5A}.Release|Any CPU.ActiveCfg = Release|Any CPU
		{1E2AF4F2-87E2-4071-9404-1B3A0D9FEA5A}.Release|Any CPU.Build.0 = Release|Any CPU
	EndGlobalSection
	GlobalSection(SolutionProperties) = preSolution
		HideSolutionNode = FALSE
	EndGlobalSection
	GlobalSection(ExtensibilityGlobals) = postSolution
		SolutionGuid = {E5A42A4A-E1AD-4E44-B326-6BE152BA50F3}
	EndGlobalSection
EndGlobal
